
Microsoft Visual Studio Solution File, Format Version 12.00
# Visual Studio Version 17
VisualStudioVersion = 17.9.34622.214
MinimumVisualStudioVersion = 10.0.40219.1
Project("{2150E333-8FDC-42A3-9474-1A3956D46DE8}") = "src", "src", "{654CFF87-7810-4A2B-88C0-56B09CE9BB0C}"
	ProjectSection(SolutionItems) = preProject
		Directory.Packages.props = Directory.Packages.props
	EndProjectSection
EndProject
Project("{2150E333-8FDC-42A3-9474-1A3956D46DE8}") = "Core", "Core", "{CB5CD479-2A23-40C2-8A06-C9056B8A1533}"
EndProject
Project("{2150E333-8FDC-42A3-9474-1A3956D46DE8}") = "External", "External", "{88F5590A-D452-4973-946A-D7157EB1DBF0}"
EndProject
Project("{9A19103F-16F7-4668-BE54-9A1E7A4F7556}") = "Application", "src\Application\Application.csproj", "{C0B8D8EA-4914-4983-A286-F8317E796175}"
EndProject
Project("{9A19103F-16F7-4668-BE54-9A1E7A4F7556}") = "Domain", "src\Domain\Domain.csproj", "{1180D60C-00B1-41F0-A558-5A63FCE93B86}"
EndProject
Project("{9A19103F-16F7-4668-BE54-9A1E7A4F7556}") = "Infrastructure", "src\Infrastructure\Infrastructure.csproj", "{6321EB7E-B0C8-48F3-AD54-DD4EAF531DEB}"
EndProject
Project("{9A19103F-16F7-4668-BE54-9A1E7A4F7556}") = "Persistence", "src\Persistence\Persistence.csproj", "{DACCD18E-3CF5-4D8A-B581-0D879F1EFAC9}"
EndProject
Project("{9A19103F-16F7-4668-BE54-9A1E7A4F7556}") = "Presentation", "src\Presentation\Presentation.csproj", "{5F3F2674-BEA3-4F55-BAC8-8815CA0448BE}"
EndProject
Project("{FAE04EC0-301F-11D3-BF4B-00C04F79EFBC}") = "API", "src\API\API.csproj", "{F2F9859C-2DC8-4656-B316-CB98EA97BCE4}"
EndProject
Project("{2150E333-8FDC-42A3-9474-1A3956D46DE8}") = "Solution Items", "Solution Items", "{E880463D-0E99-4C2C-95FB-026AB6FCB6A8}"
	ProjectSection(SolutionItems) = preProject
		.editorconfig = .editorconfig
	EndProjectSection
EndProject
Project("{FAE04EC0-301F-11D3-BF4B-00C04F79EFBC}") = "Shared", "src\Shared\Shared.csproj", "{39258F7E-47BD-43C4-9799-412A6629396E}"
EndProject
Global
	GlobalSection(SolutionConfigurationPlatforms) = preSolution
		Debug|Any CPU = Debug|Any CPU
		Release|Any CPU = Release|Any CPU
	EndGlobalSection
	GlobalSection(ProjectConfigurationPlatforms) = postSolution
		{C0B8D8EA-4914-4983-A286-F8317E796175}.Debug|Any CPU.ActiveCfg = Debug|Any CPU
		{C0B8D8EA-4914-4983-A286-F8317E796175}.Debug|Any CPU.Build.0 = Debug|Any CPU
		{C0B8D8EA-4914-4983-A286-F8317E796175}.Release|Any CPU.ActiveCfg = Release|Any CPU
		{C0B8D8EA-4914-4983-A286-F8317E796175}.Release|Any CPU.Build.0 = Release|Any CPU
		{1180D60C-00B1-41F0-A558-5A63FCE93B86}.Debug|Any CPU.ActiveCfg = Debug|Any CPU
		{1180D60C-00B1-41F0-A558-5A63FCE93B86}.Debug|Any CPU.Build.0 = Debug|Any CPU
		{1180D60C-00B1-41F0-A558-5A63FCE93B86}.Release|Any CPU.ActiveCfg = Release|Any CPU
		{1180D60C-00B1-41F0-A558-5A63FCE93B86}.Release|Any CPU.Build.0 = Release|Any CPU
		{6321EB7E-B0C8-48F3-AD54-DD4EAF531DEB}.Debug|Any CPU.ActiveCfg = Debug|Any CPU
		{6321EB7E-B0C8-48F3-AD54-DD4EAF531DEB}.Debug|Any CPU.Build.0 = Debug|Any CPU
		{6321EB7E-B0C8-48F3-AD54-DD4EAF531DEB}.Release|Any CPU.ActiveCfg = Release|Any CPU
		{6321EB7E-B0C8-48F3-AD54-DD4EAF531DEB}.Release|Any CPU.Build.0 = Release|Any CPU
		{DACCD18E-3CF5-4D8A-B581-0D879F1EFAC9}.Debug|Any CPU.ActiveCfg = Debug|Any CPU
		{DACCD18E-3CF5-4D8A-B581-0D879F1EFAC9}.Debug|Any CPU.Build.0 = Debug|Any CPU
		{DACCD18E-3CF5-4D8A-B581-0D879F1EFAC9}.Release|Any CPU.ActiveCfg = Release|Any CPU
		{DACCD18E-3CF5-4D8A-B581-0D879F1EFAC9}.Release|Any CPU.Build.0 = Release|Any CPU
		{5F3F2674-BEA3-4F55-BAC8-8815CA0448BE}.Debug|Any CPU.ActiveCfg = Debug|Any CPU
		{5F3F2674-BEA3-4F55-BAC8-8815CA0448BE}.Debug|Any CPU.Build.0 = Debug|Any CPU
		{5F3F2674-BEA3-4F55-BAC8-8815CA0448BE}.Release|Any CPU.ActiveCfg = Release|Any CPU
		{5F3F2674-BEA3-4F55-BAC8-8815CA0448BE}.Release|Any CPU.Build.0 = Release|Any CPU
		{F2F9859C-2DC8-4656-B316-CB98EA97BCE4}.Debug|Any CPU.ActiveCfg = Debug|Any CPU
		{F2F9859C-2DC8-4656-B316-CB98EA97BCE4}.Debug|Any CPU.Build.0 = Debug|Any CPU
		{F2F9859C-2DC8-4656-B316-CB98EA97BCE4}.Release|Any CPU.ActiveCfg = Release|Any CPU
		{F2F9859C-2DC8-4656-B316-CB98EA97BCE4}.Release|Any CPU.Build.0 = Release|Any CPU
		{39258F7E-47BD-43C4-9799-412A6629396E}.Debug|Any CPU.ActiveCfg = Debug|Any CPU
		{39258F7E-47BD-43C4-9799-412A6629396E}.Debug|Any CPU.Build.0 = Debug|Any CPU
		{39258F7E-47BD-43C4-9799-412A6629396E}.Release|Any CPU.ActiveCfg = Release|Any CPU
		{39258F7E-47BD-43C4-9799-412A6629396E}.Release|Any CPU.Build.0 = Release|Any CPU
	EndGlobalSection
	GlobalSection(SolutionProperties) = preSolution
		HideSolutionNode = FALSE
	EndGlobalSection
	GlobalSection(NestedProjects) = preSolution
		{CB5CD479-2A23-40C2-8A06-C9056B8A1533} = {654CFF87-7810-4A2B-88C0-56B09CE9BB0C}
		{88F5590A-D452-4973-946A-D7157EB1DBF0} = {654CFF87-7810-4A2B-88C0-56B09CE9BB0C}
		{C0B8D8EA-4914-4983-A286-F8317E796175} = {CB5CD479-2A23-40C2-8A06-C9056B8A1533}
		{1180D60C-00B1-41F0-A558-5A63FCE93B86} = {CB5CD479-2A23-40C2-8A06-C9056B8A1533}
		{6321EB7E-B0C8-48F3-AD54-DD4EAF531DEB} = {88F5590A-D452-4973-946A-D7157EB1DBF0}
		{DACCD18E-3CF5-4D8A-B581-0D879F1EFAC9} = {88F5590A-D452-4973-946A-D7157EB1DBF0}
		{5F3F2674-BEA3-4F55-BAC8-8815CA0448BE} = {88F5590A-D452-4973-946A-D7157EB1DBF0}
		{F2F9859C-2DC8-4656-B316-CB98EA97BCE4} = {654CFF87-7810-4A2B-88C0-56B09CE9BB0C}
		{39258F7E-47BD-43C4-9799-412A6629396E} = {CB5CD479-2A23-40C2-8A06-C9056B8A1533}
	EndGlobalSection
	GlobalSection(ExtensibilityGlobals) = postSolution
		SolutionGuid = {AC4EA8D8-F2BC-4102-B60D-B4446C2EECBF}
	EndGlobalSection
EndGlobal
